// !$*UTF8*$!
{
	archiveVersion = 1;
	classes = {
	};
	objectVersion = 50;
	objects = {

/* Begin PBXBuildFile section */
		49709FD623EFEA400032EFF4 /* AppDelegate.swift in Sources */ = {isa = PBXBuildFile; fileRef = 49709FD523EFEA400032EFF4 /* AppDelegate.swift */; };
		49709FD823EFEA400032EFF4 /* SceneDelegate.swift in Sources */ = {isa = PBXBuildFile; fileRef = 49709FD723EFEA400032EFF4 /* SceneDelegate.swift */; };
		49709FDA23EFEA400032EFF4 /* ViewController.swift in Sources */ = {isa = PBXBuildFile; fileRef = 49709FD923EFEA400032EFF4 /* ViewController.swift */; };
		49709FDD23EFEA400032EFF4 /* Main.storyboard in Resources */ = {isa = PBXBuildFile; fileRef = 49709FDB23EFEA400032EFF4 /* Main.storyboard */; };
		49709FDF23EFEA420032EFF4 /* Assets.xcassets in Resources */ = {isa = PBXBuildFile; fileRef = 49709FDE23EFEA420032EFF4 /* Assets.xcassets */; };
		49709FE223EFEA420032EFF4 /* LaunchScreen.storyboard in Resources */ = {isa = PBXBuildFile; fileRef = 49709FE023EFEA420032EFF4 /* LaunchScreen.storyboard */; };
		49709FED23EFEA420032EFF4 /* EPS8266_LED_iOSTests.swift in Sources */ = {isa = PBXBuildFile; fileRef = 49709FEC23EFEA420032EFF4 /* EPS8266_LED_iOSTests.swift */; };
		49709FF823EFEA430032EFF4 /* EPS8266_LED_iOSUITests.swift in Sources */ = {isa = PBXBuildFile; fileRef = 49709FF723EFEA430032EFF4 /* EPS8266_LED_iOSUITests.swift */; };
/* End PBXBuildFile section */

/* Begin PBXContainerItemProxy section */
		49709FE923EFEA420032EFF4 /* PBXContainerItemProxy */ = {
			isa = PBXContainerItemProxy;
			containerPortal = 49709FCA23EFEA400032EFF4 /* Project object */;
			proxyType = 1;
			remoteGlobalIDString = 49709FD123EFEA400032EFF4;
			remoteInfo = EPS8266_LED_iOS;
		};
		49709FF423EFEA420032EFF4 /* PBXContainerItemProxy */ = {
			isa = PBXContainerItemProxy;
			containerPortal = 49709FCA23EFEA400032EFF4 /* Project object */;
			proxyType = 1;
			remoteGlobalIDString = 49709FD123EFEA400032EFF4;
			remoteInfo = EPS8266_LED_iOS;
		};
/* End PBXContainerItemProxy section */

/* Begin PBXFileReference section */
		49709FD223EFEA400032EFF4 /* EPS8266_LED_iOS.app */ = {isa = PBXFileReference; explicitFileType = wrapper.application; includeInIndex = 0; path = EPS8266_LED_iOS.app; sourceTree = BUILT_PRODUCTS_DIR; };
		49709FD523EFEA400032EFF4 /* AppDelegate.swift */ = {isa = PBXFileReference; lastKnownFileType = sourcecode.swift; path = AppDelegate.swift; sourceTree = "<group>"; };
		49709FD723EFEA400032EFF4 /* SceneDelegate.swift */ = {isa = PBXFileReference; lastKnownFileType = sourcecode.swift; path = SceneDelegate.swift; sourceTree = "<group>"; };
		49709FD923EFEA400032EFF4 /* ViewController.swift */ = {isa = PBXFileReference; lastKnownFileType = sourcecode.swift; path = ViewController.swift; sourceTree = "<group>"; };
		49709FDC23EFEA400032EFF4 /* Base */ = {isa = PBXFileReference; lastKnownFileType = file.storyboard; name = Base; path = Base.lproj/Main.storyboard; sourceTree = "<group>"; };
		49709FDE23EFEA420032EFF4 /* Assets.xcassets */ = {isa = PBXFileReference; lastKnownFileType = folder.assetcatalog; path = Assets.xcassets; sourceTree = "<group>"; };
		49709FE123EFEA420032EFF4 /* Base */ = {isa = PBXFileReference; lastKnownFileType = file.storyboard; name = Base; path = Base.lproj/LaunchScreen.storyboard; sourceTree = "<group>"; };
		49709FE323EFEA420032EFF4 /* Info.plist */ = {isa = PBXFileReference; lastKnownFileType = text.plist.xml; path = Info.plist; sourceTree = "<group>"; };
		49709FE823EFEA420032EFF4 /* EPS8266_LED_iOSTests.xctest */ = {isa = PBXFileReference; explicitFileType = wrapper.cfbundle; includeInIndex = 0; path = EPS8266_LED_iOSTests.xctest; sourceTree = BUILT_PRODUCTS_DIR; };
		49709FEC23EFEA420032EFF4 /* EPS8266_LED_iOSTests.swift */ = {isa = PBXFileReference; lastKnownFileType = sourcecode.swift; path = EPS8266_LED_iOSTests.swift; sourceTree = "<group>"; };
		49709FEE23EFEA420032EFF4 /* Info.plist */ = {isa = PBXFileReference; lastKnownFileType = text.plist.xml; path = Info.plist; sourceTree = "<group>"; };
		49709FF323EFEA420032EFF4 /* EPS8266_LED_iOSUITests.xctest */ = {isa = PBXFileReference; explicitFileType = wrapper.cfbundle; includeInIndex = 0; path = EPS8266_LED_iOSUITests.xctest; sourceTree = BUILT_PRODUCTS_DIR; };
		49709FF723EFEA430032EFF4 /* EPS8266_LED_iOSUITests.swift */ = {isa = PBXFileReference; lastKnownFileType = sourcecode.swift; path = EPS8266_LED_iOSUITests.swift; sourceTree = "<group>"; };
		49709FF923EFEA430032EFF4 /* Info.plist */ = {isa = PBXFileReference; lastKnownFileType = text.plist.xml; path = Info.plist; sourceTree = "<group>"; };
/* End PBXFileReference section */

/* Begin PBXFrameworksBuildPhase section */
		49709FCF23EFEA400032EFF4 /* Frameworks */ = {
			isa = PBXFrameworksBuildPhase;
			buildActionMask = 2147483647;
			files = (
			);
			runOnlyForDeploymentPostprocessing = 0;
		};
		49709FE523EFEA420032EFF4 /* Frameworks */ = {
			isa = PBXFrameworksBuildPhase;
			buildActionMask = 2147483647;
			files = (
			);
			runOnlyForDeploymentPostprocessing = 0;
		};
		49709FF023EFEA420032EFF4 /* Frameworks */ = {
			isa = PBXFrameworksBuildPhase;
			buildActionMask = 2147483647;
			files = (
			);
			runOnlyForDeploymentPostprocessing = 0;
		};
/* End PBXFrameworksBuildPhase section */

/* Begin PBXGroup section */
		49709FC923EFEA400032EFF4 = {
			isa = PBXGroup;
			children = (
				49709FD423EFEA400032EFF4 /* EPS8266_LED_iOS */,
				49709FEB23EFEA420032EFF4 /* EPS8266_LED_iOSTests */,
				49709FF623EFEA430032EFF4 /* EPS8266_LED_iOSUITests */,
				49709FD323EFEA400032EFF4 /* Products */,
			);
			sourceTree = "<group>";
		};
		49709FD323EFEA400032EFF4 /* Products */ = {
			isa = PBXGroup;
			children = (
				49709FD223EFEA400032EFF4 /* EPS8266_LED_iOS.app */,
				49709FE823EFEA420032EFF4 /* EPS8266_LED_iOSTests.xctest */,
				49709FF323EFEA420032EFF4 /* EPS8266_LED_iOSUITests.xctest */,
			);
			name = Products;
			sourceTree = "<group>";
		};
		49709FD423EFEA400032EFF4 /* EPS8266_LED_iOS */ = {
			isa = PBXGroup;
			children = (
				49709FD523EFEA400032EFF4 /* AppDelegate.swift */,
				49709FD723EFEA400032EFF4 /* SceneDelegate.swift */,
				49709FD923EFEA400032EFF4 /* ViewController.swift */,
				49709FDB23EFEA400032EFF4 /* Main.storyboard */,
				49709FDE23EFEA420032EFF4 /* Assets.xcassets */,
				49709FE023EFEA420032EFF4 /* LaunchScreen.storyboard */,
				49709FE323EFEA420032EFF4 /* Info.plist */,
			);
			path = EPS8266_LED_iOS;
			sourceTree = "<group>";
		};
		49709FEB23EFEA420032EFF4 /* EPS8266_LED_iOSTests */ = {
			isa = PBXGroup;
			children = (
				49709FEC23EFEA420032EFF4 /* EPS8266_LED_iOSTests.swift */,
				49709FEE23EFEA420032EFF4 /* Info.plist */,
			);
			path = EPS8266_LED_iOSTests;
			sourceTree = "<group>";
		};
		49709FF623EFEA430032EFF4 /* EPS8266_LED_iOSUITests */ = {
			isa = PBXGroup;
			children = (
				49709FF723EFEA430032EFF4 /* EPS8266_LED_iOSUITests.swift */,
				49709FF923EFEA430032EFF4 /* Info.plist */,
			);
			path = EPS8266_LED_iOSUITests;
			sourceTree = "<group>";
		};
/* End PBXGroup section */

/* Begin PBXNativeTarget section */
		49709FD123EFEA400032EFF4 /* EPS8266_LED_iOS */ = {
			isa = PBXNativeTarget;
			buildConfigurationList = 49709FFC23EFEA430032EFF4 /* Build configuration list for PBXNativeTarget "EPS8266_LED_iOS" */;
			buildPhases = (
				49709FCE23EFEA400032EFF4 /* Sources */,
				49709FCF23EFEA400032EFF4 /* Frameworks */,
				49709FD023EFEA400032EFF4 /* Resources */,
			);
			buildRules = (
			);
			dependencies = (
			);
			name = EPS8266_LED_iOS;
			productName = EPS8266_LED_iOS;
			productReference = 49709FD223EFEA400032EFF4 /* EPS8266_LED_iOS.app */;
			productType = "com.apple.product-type.application";
		};
		49709FE723EFEA420032EFF4 /* EPS8266_LED_iOSTests */ = {
			isa = PBXNativeTarget;
			buildConfigurationList = 49709FFF23EFEA430032EFF4 /* Build configuration list for PBXNativeTarget "EPS8266_LED_iOSTests" */;
			buildPhases = (
				49709FE423EFEA420032EFF4 /* Sources */,
				49709FE523EFEA420032EFF4 /* Frameworks */,
				49709FE623EFEA420032EFF4 /* Resources */,
			);
			buildRules = (
			);
			dependencies = (
				49709FEA23EFEA420032EFF4 /* PBXTargetDependency */,
			);
			name = EPS8266_LED_iOSTests;
			productName = EPS8266_LED_iOSTests;
			productReference = 49709FE823EFEA420032EFF4 /* EPS8266_LED_iOSTests.xctest */;
			productType = "com.apple.product-type.bundle.unit-test";
		};
		49709FF223EFEA420032EFF4 /* EPS8266_LED_iOSUITests */ = {
			isa = PBXNativeTarget;
			buildConfigurationList = 4970A00223EFEA430032EFF4 /* Build configuration list for PBXNativeTarget "EPS8266_LED_iOSUITests" */;
			buildPhases = (
				49709FEF23EFEA420032EFF4 /* Sources */,
				49709FF023EFEA420032EFF4 /* Frameworks */,
				49709FF123EFEA420032EFF4 /* Resources */,
			);
			buildRules = (
			);
			dependencies = (
				49709FF523EFEA420032EFF4 /* PBXTargetDependency */,
			);
			name = EPS8266_LED_iOSUITests;
			productName = EPS8266_LED_iOSUITests;
			productReference = 49709FF323EFEA420032EFF4 /* EPS8266_LED_iOSUITests.xctest */;
			productType = "com.apple.product-type.bundle.ui-testing";
		};
/* End PBXNativeTarget section */

/* Begin PBXProject section */
		49709FCA23EFEA400032EFF4 /* Project object */ = {
			isa = PBXProject;
			attributes = {
				LastSwiftUpdateCheck = 1130;
				LastUpgradeCheck = 1130;
				ORGANIZATIONNAME = "Jacey Chun";
				TargetAttributes = {
					49709FD123EFEA400032EFF4 = {
						CreatedOnToolsVersion = 11.3.1;
					};
					49709FE723EFEA420032EFF4 = {
						CreatedOnToolsVersion = 11.3.1;
						TestTargetID = 49709FD123EFEA400032EFF4;
					};
					49709FF223EFEA420032EFF4 = {
						CreatedOnToolsVersion = 11.3.1;
						TestTargetID = 49709FD123EFEA400032EFF4;
					};
				};
			};
			buildConfigurationList = 49709FCD23EFEA400032EFF4 /* Build configuration list for PBXProject "EPS8266_LED_iOS" */;
			compatibilityVersion = "Xcode 9.3";
			developmentRegion = en;
			hasScannedForEncodings = 0;
			knownRegions = (
				en,
				Base,
			);
			mainGroup = 49709FC923EFEA400032EFF4;
			productRefGroup = 49709FD323EFEA400032EFF4 /* Products */;
			projectDirPath = "";
			projectRoot = "";
			targets = (
				49709FD123EFEA400032EFF4 /* EPS8266_LED_iOS */,
				49709FE723EFEA420032EFF4 /* EPS8266_LED_iOSTests */,
				49709FF223EFEA420032EFF4 /* EPS8266_LED_iOSUITests */,
			);
		};
/* End PBXProject section */

/* Begin PBXResourcesBuildPhase section */
		49709FD023EFEA400032EFF4 /* Resources */ = {
			isa = PBXResourcesBuildPhase;
			buildActionMask = 2147483647;
			files = (
				49709FE223EFEA420032EFF4 /* LaunchScreen.storyboard in Resources */,
				49709FDF23EFEA420032EFF4 /* Assets.xcassets in Resources */,
				49709FDD23EFEA400032EFF4 /* Main.storyboard in Resources */,
			);
			runOnlyForDeploymentPostprocessing = 0;
		};
		49709FE623EFEA420032EFF4 /* Resources */ = {
			isa = PBXResourcesBuildPhase;
			buildActionMask = 2147483647;
			files = (
			);
			runOnlyForDeploymentPostprocessing = 0;
		};
		49709FF123EFEA420032EFF4 /* Resources */ = {
			isa = PBXResourcesBuildPhase;
			buildActionMask = 2147483647;
			files = (
			);
			runOnlyForDeploymentPostprocessing = 0;
		};
/* End PBXResourcesBuildPhase section */

/* Begin PBXSourcesBuildPhase section */
		49709FCE23EFEA400032EFF4 /* Sources */ = {
			isa = PBXSourcesBuildPhase;
			buildActionMask = 2147483647;
			files = (
				49709FDA23EFEA400032EFF4 /* ViewController.swift in Sources */,
				49709FD623EFEA400032EFF4 /* AppDelegate.swift in Sources */,
				49709FD823EFEA400032EFF4 /* SceneDelegate.swift in Sources */,
			);
			runOnlyForDeploymentPostprocessing = 0;
		};
		49709FE423EFEA420032EFF4 /* Sources */ = {
			isa = PBXSourcesBuildPhase;
			buildActionMask = 2147483647;
			files = (
				49709FED23EFEA420032EFF4 /* EPS8266_LED_iOSTests.swift in Sources */,
			);
			runOnlyForDeploymentPostprocessing = 0;
		};
		49709FEF23EFEA420032EFF4 /* Sources */ = {
			isa = PBXSourcesBuildPhase;
			buildActionMask = 2147483647;
			files = (
				49709FF823EFEA430032EFF4 /* EPS8266_LED_iOSUITests.swift in Sources */,
			);
			runOnlyForDeploymentPostprocessing = 0;
		};
/* End PBXSourcesBuildPhase section */

/* Begin PBXTargetDependency section */
		49709FEA23EFEA420032EFF4 /* PBXTargetDependency */ = {
			isa = PBXTargetDependency;
			target = 49709FD123EFEA400032EFF4 /* EPS8266_LED_iOS */;
			targetProxy = 49709FE923EFEA420032EFF4 /* PBXContainerItemProxy */;
		};
		49709FF523EFEA420032EFF4 /* PBXTargetDependency */ = {
			isa = PBXTargetDependency;
			target = 49709FD123EFEA400032EFF4 /* EPS8266_LED_iOS */;
			targetProxy = 49709FF423EFEA420032EFF4 /* PBXContainerItemProxy */;
		};
/* End PBXTargetDependency section */

/* Begin PBXVariantGroup section */
		49709FDB23EFEA400032EFF4 /* Main.storyboard */ = {
			isa = PBXVariantGroup;
			children = (
				49709FDC23EFEA400032EFF4 /* Base */,
			);
			name = Main.storyboard;
			sourceTree = "<group>";
		};
		49709FE023EFEA420032EFF4 /* LaunchScreen.storyboard */ = {
			isa = PBXVariantGroup;
			children = (
				49709FE123EFEA420032EFF4 /* Base */,
			);
			name = LaunchScreen.storyboard;
			sourceTree = "<group>";
		};
/* End PBXVariantGroup section */

/* Begin XCBuildConfiguration section */
		49709FFA23EFEA430032EFF4 /* Debug */ = {
			isa = XCBuildConfiguration;
			buildSettings = {
				ALWAYS_SEARCH_USER_PATHS = NO;
				CLANG_ANALYZER_NONNULL = YES;
				CLANG_ANALYZER_NUMBER_OBJECT_CONVERSION = YES_AGGRESSIVE;
				CLANG_CXX_LANGUAGE_STANDARD = "gnu++14";
				CLANG_CXX_LIBRARY = "libc++";
				CLANG_ENABLE_MODULES = YES;
				CLANG_ENABLE_OBJC_ARC = YES;
				CLANG_ENABLE_OBJC_WEAK = YES;
				CLANG_WARN_BLOCK_CAPTURE_AUTORELEASING = YES;
				CLANG_WARN_BOOL_CONVERSION = YES;
				CLANG_WARN_COMMA = YES;
				CLANG_WARN_CONSTANT_CONVERSION = YES;
				CLANG_WARN_DEPRECATED_OBJC_IMPLEMENTATIONS = YES;
				CLANG_WARN_DIRECT_OBJC_ISA_USAGE = YES_ERROR;
				CLANG_WARN_DOCUMENTATION_COMMENTS = YES;
				CLANG_WARN_EMPTY_BODY = YES;
				CLANG_WARN_ENUM_CONVERSION = YES;
				CLANG_WARN_INFINITE_RECURSION = YES;
				CLANG_WARN_INT_CONVERSION = YES;
				CLANG_WARN_NON_LITERAL_NULL_CONVERSION = YES;
				CLANG_WARN_OBJC_IMPLICIT_RETAIN_SELF = YES;
				CLANG_WARN_OBJC_LITERAL_CONVERSION = YES;
				CLANG_WARN_OBJC_ROOT_CLASS = YES_ERROR;
				CLANG_WARN_RANGE_LOOP_ANALYSIS = YES;
				CLANG_WARN_STRICT_PROTOTYPES = YES;
				CLANG_WARN_SUSPICIOUS_MOVE = YES;
				CLANG_WARN_UNGUARDED_AVAILABILITY = YES_AGGRESSIVE;
				CLANG_WARN_UNREACHABLE_CODE = YES;
				CLANG_WARN__DUPLICATE_METHOD_MATCH = YES;
				COPY_PHASE_STRIP = NO;
				DEBUG_INFORMATION_FORMAT = dwarf;
				ENABLE_STRICT_OBJC_MSGSEND = YES;
				ENABLE_TESTABILITY = YES;
				GCC_C_LANGUAGE_STANDARD = gnu11;
				GCC_DYNAMIC_NO_PIC = NO;
				GCC_NO_COMMON_BLOCKS = YES;
				GCC_OPTIMIZATION_LEVEL = 0;
				GCC_PREPROCESSOR_DEFINITIONS = (
					"DEBUG=1",
					"$(inherited)",
				);
				GCC_WARN_64_TO_32_BIT_CONVERSION = YES;
				GCC_WARN_ABOUT_RETURN_TYPE = YES_ERROR;
				GCC_WARN_UNDECLARED_SELECTOR = YES;
				GCC_WARN_UNINITIALIZED_AUTOS = YES_AGGRESSIVE;
				GCC_WARN_UNUSED_FUNCTION = YES;
				GCC_WARN_UNUSED_VARIABLE = YES;
				IPHONEOS_DEPLOYMENT_TARGET = 13.2;
				MTL_ENABLE_DEBUG_INFO = INCLUDE_SOURCE;
				MTL_FAST_MATH = YES;
				ONLY_ACTIVE_ARCH = YES;
				SDKROOT = iphoneos;
				SWIFT_ACTIVE_COMPILATION_CONDITIONS = DEBUG;
				SWIFT_OPTIMIZATION_LEVEL = "-Onone";
			};
			name = Debug;
		};
		49709FFB23EFEA430032EFF4 /* Release */ = {
			isa = XCBuildConfiguration;
			buildSettings = {
				ALWAYS_SEARCH_USER_PATHS = NO;
				CLANG_ANALYZER_NONNULL = YES;
				CLANG_ANALYZER_NUMBER_OBJECT_CONVERSION = YES_AGGRESSIVE;
				CLANG_CXX_LANGUAGE_STANDARD = "gnu++14";
				CLANG_CXX_LIBRARY = "libc++";
				CLANG_ENABLE_MODULES = YES;
				CLANG_ENABLE_OBJC_ARC = YES;
				CLANG_ENABLE_OBJC_WEAK = YES;
				CLANG_WARN_BLOCK_CAPTURE_AUTORELEASING = YES;
				CLANG_WARN_BOOL_CONVERSION = YES;
				CLANG_WARN_COMMA = YES;
				CLANG_WARN_CONSTANT_CONVERSION = YES;
				CLANG_WARN_DEPRECATED_OBJC_IMPLEMENTATIONS = YES;
				CLANG_WARN_DIRECT_OBJC_ISA_USAGE = YES_ERROR;
				CLANG_WARN_DOCUMENTATION_COMMENTS = YES;
				CLANG_WARN_EMPTY_BODY = YES;
				CLANG_WARN_ENUM_CONVERSION = YES;
				CLANG_WARN_INFINITE_RECURSION = YES;
				CLANG_WARN_INT_CONVERSION = YES;
				CLANG_WARN_NON_LITERAL_NULL_CONVERSION = YES;
				CLANG_WARN_OBJC_IMPLICIT_RETAIN_SELF = YES;
				CLANG_WARN_OBJC_LITERAL_CONVERSION = YES;
				CLANG_WARN_OBJC_ROOT_CLASS = YES_ERROR;
				CLANG_WARN_RANGE_LOOP_ANALYSIS = YES;
				CLANG_WARN_STRICT_PROTOTYPES = YES;
				CLANG_WARN_SUSPICIOUS_MOVE = YES;
				CLANG_WARN_UNGUARDED_AVAILABILITY = YES_AGGRESSIVE;
				CLANG_WARN_UNREACHABLE_CODE = YES;
				CLANG_WARN__DUPLICATE_METHOD_MATCH = YES;
				COPY_PHASE_STRIP = NO;
				DEBUG_INFORMATION_FORMAT = "dwarf-with-dsym";
				ENABLE_NS_ASSERTIONS = NO;
				ENABLE_STRICT_OBJC_MSGSEND = YES;
				GCC_C_LANGUAGE_STANDARD = gnu11;
				GCC_NO_COMMON_BLOCKS = YES;
				GCC_WARN_64_TO_32_BIT_CONVERSION = YES;
				GCC_WARN_ABOUT_RETURN_TYPE = YES_ERROR;
				GCC_WARN_UNDECLARED_SELECTOR = YES;
				GCC_WARN_UNINITIALIZED_AUTOS = YES_AGGRESSIVE;
				GCC_WARN_UNUSED_FUNCTION = YES;
				GCC_WARN_UNUSED_VARIABLE = YES;
				IPHONEOS_DEPLOYMENT_TARGET = 13.2;
				MTL_ENABLE_DEBUG_INFO = NO;
				MTL_FAST_MATH = YES;
				SDKROOT = iphoneos;
				SWIFT_COMPILATION_MODE = wholemodule;
				SWIFT_OPTIMIZATION_LEVEL = "-O";
				VALIDATE_PRODUCT = YES;
			};
			name = Release;
		};
		49709FFD23EFEA430032EFF4 /* Debug */ = {
			isa = XCBuildConfiguration;
			buildSettings = {
				ASSETCATALOG_COMPILER_APPICON_NAME = AppIcon;
				CODE_SIGN_STYLE = Automatic;
				DEVELOPMENT_TEAM = 69TYKDYNQD;
				INFOPLIST_FILE = EPS8266_LED_iOS/Info.plist;
				LD_RUNPATH_SEARCH_PATHS = (
					"$(inherited)",
					"@executable_path/Frameworks",
				);
				PRODUCT_BUNDLE_IDENTIFIER = "JC.EPS8266-LED-iOS";
				PRODUCT_NAME = "$(TARGET_NAME)";
				SWIFT_VERSION = 5.0;
				TARGETED_DEVICE_FAMILY = "1,2";
			};
			name = Debug;
		};
		49709FFE23EFEA430032EFF4 /* Release */ = {
			isa = XCBuildConfiguration;
			buildSettings = {
				ASSETCATALOG_COMPILER_APPICON_NAME = AppIcon;
				CODE_SIGN_STYLE = Automatic;
				DEVELOPMENT_TEAM = 69TYKDYNQD;
				INFOPLIST_FILE = EPS8266_LED_iOS/Info.plist;
				LD_RUNPATH_SEARCH_PATHS = (
					"$(inherited)",
					"@executable_path/Frameworks",
				);
				PRODUCT_BUNDLE_IDENTIFIER = "JC.EPS8266-LED-iOS";
				PRODUCT_NAME = "$(TARGET_NAME)";
				SWIFT_VERSION = 5.0;
				TARGETED_DEVICE_FAMILY = "1,2";
			};
			name = Release;
		};
		4970A00023EFEA430032EFF4 /* Debug */ = {
			isa = XCBuildConfiguration;
			buildSettings = {
				ALWAYS_EMBED_SWIFT_STANDARD_LIBRARIES = YES;
				BUNDLE_LOADER = "$(TEST_HOST)";
				CODE_SIGN_STYLE = Automatic;
				DEVELOPMENT_TEAM = 69TYKDYNQD;
				INFOPLIST_FILE = EPS8266_LED_iOSTests/Info.plist;
				IPHONEOS_DEPLOYMENT_TARGET = 13.2;
				LD_RUNPATH_SEARCH_PATHS = (
					"$(inherited)",
					"@executable_path/Frameworks",
					"@loader_path/Frameworks",
				);
				PRODUCT_BUNDLE_IDENTIFIER = "JC.EPS8266-LED-iOSTests";
				PRODUCT_NAME = "$(TARGET_NAME)";
				SWIFT_VERSION = 5.0;
				TARGETED_DEVICE_FAMILY = "1,2";
				TEST_HOST = "$(BUILT_PRODUCTS_DIR)/EPS8266_LED_iOS.app/EPS8266_LED_iOS";
			};
			name = Debug;
		};
		4970A00123EFEA430032EFF4 /* Release */ = {
			isa = XCBuildConfiguration;
			buildSettings = {
				ALWAYS_EMBED_SWIFT_STANDARD_LIBRARIES = YES;
				BUNDLE_LOADER = "$(TEST_HOST)";
				CODE_SIGN_STYLE = Automatic;
				DEVELOPMENT_TEAM = 69TYKDYNQD;
				INFOPLIST_FILE = EPS8266_LED_iOSTests/Info.plist;
				IPHONEOS_DEPLOYMENT_TARGET = 13.2;
				LD_RUNPATH_SEARCH_PATHS = (
					"$(inherited)",
					"@executable_path/Frameworks",
					"@loader_path/Frameworks",
				);
				PRODUCT_BUNDLE_IDENTIFIER = "JC.EPS8266-LED-iOSTests";
				PRODUCT_NAME = "$(TARGET_NAME)";
				SWIFT_VERSION = 5.0;
				TARGETED_DEVICE_FAMILY = "1,2";
				TEST_HOST = "$(BUILT_PRODUCTS_DIR)/EPS8266_LED_iOS.app/EPS8266_LED_iOS";
			};
			name = Release;
		};
		4970A00323EFEA430032EFF4 /* Debug */ = {
			isa = XCBuildConfiguration;
			buildSettings = {
				ALWAYS_EMBED_SWIFT_STANDARD_LIBRARIES = YES;
				CODE_SIGN_STYLE = Automatic;
				DEVELOPMENT_TEAM = 69TYKDYNQD;
				INFOPLIST_FILE = EPS8266_LED_iOSUITests/Info.plist;
				LD_RUNPATH_SEARCH_PATHS = (
					"$(inherited)",
					"@executable_path/Frameworks",
					"@loader_path/Frameworks",
				);
				PRODUCT_BUNDLE_IDENTIFIER = "JC.EPS8266-LED-iOSUITests";
				PRODUCT_NAME = "$(TARGET_NAME)";
				SWIFT_VERSION = 5.0;
				TARGETED_DEVICE_FAMILY = "1,2";
				TEST_TARGET_NAME = EPS8266_LED_iOS;
			};
			name = Debug;
		};
		4970A00423EFEA430032EFF4 /* Release */ = {
			isa = XCBuildConfiguration;
			buildSettings = {
				ALWAYS_EMBED_SWIFT_STANDARD_LIBRARIES = YES;
				CODE_SIGN_STYLE = Automatic;
				DEVELOPMENT_TEAM = 69TYKDYNQD;
				INFOPLIST_FILE = EPS8266_LED_iOSUITests/Info.plist;
				LD_RUNPATH_SEARCH_PATHS = (
					"$(inherited)",
					"@executable_path/Frameworks",
					"@loader_path/Frameworks",
				);
				PRODUCT_BUNDLE_IDENTIFIER = "JC.EPS8266-LED-iOSUITests";
				PRODUCT_NAME = "$(TARGET_NAME)";
				SWIFT_VERSION = 5.0;
				TARGETED_DEVICE_FAMILY = "1,2";
				TEST_TARGET_NAME = EPS8266_LED_iOS;
			};
			name = Release;
		};
/* End XCBuildConfiguration section */

/* Begin XCConfigurationList section */
		49709FCD23EFEA400032EFF4 /* Build configuration list for PBXProject "EPS8266_LED_iOS" */ = {
			isa = XCConfigurationList;
			buildConfigurations = (
				49709FFA23EFEA430032EFF4 /* Debug */,
				49709FFB23EFEA430032EFF4 /* Release */,
			);
			defaultConfigurationIsVisible = 0;
			defaultConfigurationName = Release;
		};
		49709FFC23EFEA430032EFF4 /* Build configuration list for PBXNativeTarget "EPS8266_LED_iOS" */ = {
			isa = XCConfigurationList;
			buildConfigurations = (
				49709FFD23EFEA430032EFF4 /* Debug */,
				49709FFE23EFEA430032EFF4 /* Release */,
			);
			defaultConfigurationIsVisible = 0;
			defaultConfigurationName = Release;
		};
		49709FFF23EFEA430032EFF4 /* Build configuration list for PBXNativeTarget "EPS8266_LED_iOSTests" */ = {
			isa = XCConfigurationList;
			buildConfigurations = (
				4970A00023EFEA430032EFF4 /* Debug */,
				4970A00123EFEA430032EFF4 /* Release */,
			);
			defaultConfigurationIsVisible = 0;
			defaultConfigurationName = Release;
		};
		4970A00223EFEA430032EFF4 /* Build configuration list for PBXNativeTarget "EPS8266_LED_iOSUITests" */ = {
			isa = XCConfigurationList;
			buildConfigurations = (
				4970A00323EFEA430032EFF4 /* Debug */,
				4970A00423EFEA430032EFF4 /* Release */,
			);
			defaultConfigurationIsVisible = 0;
			defaultConfigurationName = Release;
		};
/* End XCConfigurationList section */
	};
	rootObject = 49709FCA23EFEA400032EFF4 /* Project object */;
}
